
Microsoft Visual Studio Solution File, Format Version 12.00
# Visual Studio Version 17
VisualStudioVersion = 17.9.34728.123
MinimumVisualStudioVersion = 10.0.40219.1
Project("{FAE04EC0-301F-11D3-BF4B-00C04F79EFBC}") = "Task3V13", "Task3V13\Task3V13.csproj", "{1C682D4E-0847-4B75-A905-7927B04594C9}"
EndProject
Global
	GlobalSection(SolutionConfigurationPlatforms) = preSolution
		Debug|Any CPU = Debug|Any CPU
		Release|Any CPU = Release|Any CPU
	EndGlobalSection
	GlobalSection(ProjectConfigurationPlatforms) = postSolution
		{1C682D4E-0847-4B75-A905-7927B04594C9}.Debug|Any CPU.ActiveCfg = Debug|Any CPU
		{1C682D4E-0847-4B75-A905-7927B04594C9}.Debug|Any CPU.Build.0 = Debug|Any CPU
		{1C682D4E-0847-4B75-A905-7927B04594C9}.Release|Any CPU.ActiveCfg = Release|Any CPU
		{1C682D4E-0847-4B75-A905-7927B04594C9}.Release|Any CPU.Build.0 = Release|Any CPU
	EndGlobalSection
	GlobalSection(SolutionProperties) = preSolution
		HideSolutionNode = FALSE
	EndGlobalSection
	GlobalSection(ExtensibilityGlobals) = postSolution
		SolutionGuid = {EF7EED9E-177C-413D-8D01-4946888C6CAB}
	EndGlobalSection
EndGlobal
